// !$*UTF8*$!
{
	archiveVersion = 1;
	classes = {
	};
	objectVersion = 46;
	objects = {

/* Begin PBXBuildFile section */
		46E48C0E1A05871E004DD31E /* main.m in Sources */ = {isa = PBXBuildFile; fileRef = 46E48C0D1A05871E004DD31E /* main.m */; };
		46E48C111A05871E004DD31E /* AppDelegate.m in Sources */ = {isa = PBXBuildFile; fileRef = 46E48C101A05871E004DD31E /* AppDelegate.m */; };
		46E48C141A05871E004DD31E /* ViewController.m in Sources */ = {isa = PBXBuildFile; fileRef = 46E48C131A05871E004DD31E /* ViewController.m */; };
		46E48C171A05871E004DD31E /* Main.storyboard in Resources */ = {isa = PBXBuildFile; fileRef = 46E48C151A05871E004DD31E /* Main.storyboard */; };
		46E48C191A05871E004DD31E /* Images.xcassets in Resources */ = {isa = PBXBuildFile; fileRef = 46E48C181A05871E004DD31E /* Images.xcassets */; };
		46E48C1C1A05871E004DD31E /* LaunchScreen.xib in Resources */ = {isa = PBXBuildFile; fileRef = 46E48C1A1A05871E004DD31E /* LaunchScreen.xib */; };
		46E48C281A05871E004DD31E /* money_2020Tests.m in Sources */ = {isa = PBXBuildFile; fileRef = 46E48C271A05871E004DD31E /* money_2020Tests.m */; };
		46E48C371A05876C004DD31E /* SIMSwipeExampleViewController.m in Sources */ = {isa = PBXBuildFile; fileRef = 46E48C321A05876C004DD31E /* SIMSwipeExampleViewController.m */; };
		46E48C381A05876C004DD31E /* SIMDelegateExampleViewController.m in Sources */ = {isa = PBXBuildFile; fileRef = 46E48C341A05876C004DD31E /* SIMDelegateExampleViewController.m */; };
		46E48C391A05876C004DD31E /* SIMCreditCardResponseInformationView.m in Sources */ = {isa = PBXBuildFile; fileRef = 46E48C361A05876C004DD31E /* SIMCreditCardResponseInformationView.m */; };
		46E48C3D1A0587D0004DD31E /* Simplify.bundle in Resources */ = {isa = PBXBuildFile; fileRef = 46E48C3B1A0587D0004DD31E /* Simplify.bundle */; };
		46E48C3E1A0587D0004DD31E /* Simplify.framework in Frameworks */ = {isa = PBXBuildFile; fileRef = 46E48C3C1A0587D0004DD31E /* Simplify.framework */; };
/* End PBXBuildFile section */

/* Begin PBXContainerItemProxy section */
		46E48C221A05871E004DD31E /* PBXContainerItemProxy */ = {
			isa = PBXContainerItemProxy;
			containerPortal = 46E48C001A05871E004DD31E /* Project object */;
			proxyType = 1;
			remoteGlobalIDString = 46E48C071A05871E004DD31E;
			remoteInfo = "money-2020";
		};
/* End PBXContainerItemProxy section */

/* Begin PBXFileReference section */
		46E48C081A05871E004DD31E /* money-2020.app */ = {isa = PBXFileReference; explicitFileType = wrapper.application; includeInIndex = 0; path = "money-2020.app"; sourceTree = BUILT_PRODUCTS_DIR; };
		46E48C0C1A05871E004DD31E /* Info.plist */ = {isa = PBXFileReference; lastKnownFileType = text.plist.xml; path = Info.plist; sourceTree = "<group>"; };
		46E48C0D1A05871E004DD31E /* main.m */ = {isa = PBXFileReference; lastKnownFileType = sourcecode.c.objc; path = main.m; sourceTree = "<group>"; };
		46E48C0F1A05871E004DD31E /* AppDelegate.h */ = {isa = PBXFileReference; lastKnownFileType = sourcecode.c.h; path = AppDelegate.h; sourceTree = "<group>"; };
		46E48C101A05871E004DD31E /* AppDelegate.m */ = {isa = PBXFileReference; lastKnownFileType = sourcecode.c.objc; path = AppDelegate.m; sourceTree = "<group>"; };
		46E48C121A05871E004DD31E /* ViewController.h */ = {isa = PBXFileReference; lastKnownFileType = sourcecode.c.h; path = ViewController.h; sourceTree = "<group>"; };
		46E48C131A05871E004DD31E /* ViewController.m */ = {isa = PBXFileReference; lastKnownFileType = sourcecode.c.objc; path = ViewController.m; sourceTree = "<group>"; };
		46E48C161A05871E004DD31E /* Base */ = {isa = PBXFileReference; lastKnownFileType = file.storyboard; name = Base; path = Base.lproj/Main.storyboard; sourceTree = "<group>"; };
		46E48C181A05871E004DD31E /* Images.xcassets */ = {isa = PBXFileReference; lastKnownFileType = folder.assetcatalog; path = Images.xcassets; sourceTree = "<group>"; };
		46E48C1B1A05871E004DD31E /* Base */ = {isa = PBXFileReference; lastKnownFileType = file.xib; name = Base; path = Base.lproj/LaunchScreen.xib; sourceTree = "<group>"; };
		46E48C211A05871E004DD31E /* money-2020Tests.xctest */ = {isa = PBXFileReference; explicitFileType = wrapper.cfbundle; includeInIndex = 0; path = "money-2020Tests.xctest"; sourceTree = BUILT_PRODUCTS_DIR; };
		46E48C261A05871E004DD31E /* Info.plist */ = {isa = PBXFileReference; lastKnownFileType = text.plist.xml; path = Info.plist; sourceTree = "<group>"; };
		46E48C271A05871E004DD31E /* money_2020Tests.m */ = {isa = PBXFileReference; lastKnownFileType = sourcecode.c.objc; path = money_2020Tests.m; sourceTree = "<group>"; };
		46E48C311A05876C004DD31E /* SIMSwipeExampleViewController.h */ = {isa = PBXFileReference; fileEncoding = 4; lastKnownFileType = sourcecode.c.h; path = SIMSwipeExampleViewController.h; sourceTree = "<group>"; };
		46E48C321A05876C004DD31E /* SIMSwipeExampleViewController.m */ = {isa = PBXFileReference; fileEncoding = 4; lastKnownFileType = sourcecode.c.objc; path = SIMSwipeExampleViewController.m; sourceTree = "<group>"; };
		46E48C331A05876C004DD31E /* SIMDelegateExampleViewController.h */ = {isa = PBXFileReference; fileEncoding = 4; lastKnownFileType = sourcecode.c.h; path = SIMDelegateExampleViewController.h; sourceTree = "<group>"; };
		46E48C341A05876C004DD31E /* SIMDelegateExampleViewController.m */ = {isa = PBXFileReference; fileEncoding = 4; lastKnownFileType = sourcecode.c.objc; path = SIMDelegateExampleViewController.m; sourceTree = "<group>"; };
		46E48C351A05876C004DD31E /* SIMCreditCardResponseInformationView.h */ = {isa = PBXFileReference; fileEncoding = 4; lastKnownFileType = sourcecode.c.h; path = SIMCreditCardResponseInformationView.h; sourceTree = "<group>"; };
		46E48C361A05876C004DD31E /* SIMCreditCardResponseInformationView.m */ = {isa = PBXFileReference; fileEncoding = 4; lastKnownFileType = sourcecode.c.objc; path = SIMCreditCardResponseInformationView.m; sourceTree = "<group>"; };
		46E48C3B1A0587D0004DD31E /* Simplify.bundle */ = {isa = PBXFileReference; lastKnownFileType = "wrapper.plug-in"; path = Simplify.bundle; sourceTree = "<group>"; };
		46E48C3C1A0587D0004DD31E /* Simplify.framework */ = {isa = PBXFileReference; lastKnownFileType = wrapper.framework; path = Simplify.framework; sourceTree = "<group>"; };
/* End PBXFileReference section */

/* Begin PBXFrameworksBuildPhase section */
		46E48C051A05871E004DD31E /* Frameworks */ = {
			isa = PBXFrameworksBuildPhase;
			buildActionMask = 2147483647;
			files = (
				46E48C3E1A0587D0004DD31E /* Simplify.framework in Frameworks */,
			);
			runOnlyForDeploymentPostprocessing = 0;
		};
		46E48C1E1A05871E004DD31E /* Frameworks */ = {
			isa = PBXFrameworksBuildPhase;
			buildActionMask = 2147483647;
			files = (
			);
			runOnlyForDeploymentPostprocessing = 0;
		};
/* End PBXFrameworksBuildPhase section */

/* Begin PBXGroup section */
		46E48BFF1A05871E004DD31E = {
			isa = PBXGroup;
			children = (
				46E48C3F1A0587D7004DD31E /* Frameworks */,
				46E48C0A1A05871E004DD31E /* money-2020 */,
				46E48C241A05871E004DD31E /* money-2020Tests */,
				46E48C091A05871E004DD31E /* Products */,
				46E48C3A1A058777004DD31E /* SIM */,
			);
			sourceTree = "<group>";
		};
		46E48C091A05871E004DD31E /* Products */ = {
			isa = PBXGroup;
			children = (
				46E48C081A05871E004DD31E /* money-2020.app */,
				46E48C211A05871E004DD31E /* money-2020Tests.xctest */,
			);
			name = Products;
			sourceTree = "<group>";
		};
		46E48C0A1A05871E004DD31E /* money-2020 */ = {
			isa = PBXGroup;
			children = (
				46E48C0F1A05871E004DD31E /* AppDelegate.h */,
				46E48C101A05871E004DD31E /* AppDelegate.m */,
				46E48C121A05871E004DD31E /* ViewController.h */,
				46E48C131A05871E004DD31E /* ViewController.m */,
				46E48C151A05871E004DD31E /* Main.storyboard */,
				46E48C181A05871E004DD31E /* Images.xcassets */,
				46E48C1A1A05871E004DD31E /* LaunchScreen.xib */,
				46E48C0B1A05871E004DD31E /* Supporting Files */,
			);
			path = "money-2020";
			sourceTree = "<group>";
		};
		46E48C0B1A05871E004DD31E /* Supporting Files */ = {
			isa = PBXGroup;
			children = (
				46E48C0C1A05871E004DD31E /* Info.plist */,
				46E48C0D1A05871E004DD31E /* main.m */,
			);
			name = "Supporting Files";
			sourceTree = "<group>";
		};
		46E48C241A05871E004DD31E /* money-2020Tests */ = {
			isa = PBXGroup;
			children = (
				46E48C271A05871E004DD31E /* money_2020Tests.m */,
				46E48C251A05871E004DD31E /* Supporting Files */,
			);
			path = "money-2020Tests";
			sourceTree = "<group>";
		};
		46E48C251A05871E004DD31E /* Supporting Files */ = {
			isa = PBXGroup;
			children = (
				46E48C261A05871E004DD31E /* Info.plist */,
			);
			name = "Supporting Files";
			sourceTree = "<group>";
		};
		46E48C3A1A058777004DD31E /* SIM */ = {
			isa = PBXGroup;
			children = (
				46E48C311A05876C004DD31E /* SIMSwipeExampleViewController.h */,
				46E48C321A05876C004DD31E /* SIMSwipeExampleViewController.m */,
				46E48C331A05876C004DD31E /* SIMDelegateExampleViewController.h */,
				46E48C341A05876C004DD31E /* SIMDelegateExampleViewController.m */,
				46E48C351A05876C004DD31E /* SIMCreditCardResponseInformationView.h */,
				46E48C361A05876C004DD31E /* SIMCreditCardResponseInformationView.m */,
			);
			name = SIM;
			sourceTree = "<group>";
		};
		46E48C3F1A0587D7004DD31E /* Frameworks */ = {
			isa = PBXGroup;
			children = (
				46E48C3B1A0587D0004DD31E /* Simplify.bundle */,
				46E48C3C1A0587D0004DD31E /* Simplify.framework */,
			);
			name = Frameworks;
			sourceTree = "<group>";
		};
/* End PBXGroup section */

/* Begin PBXNativeTarget section */
		46E48C071A05871E004DD31E /* money-2020 */ = {
			isa = PBXNativeTarget;
			buildConfigurationList = 46E48C2B1A05871E004DD31E /* Build configuration list for PBXNativeTarget "money-2020" */;
			buildPhases = (
				46E48C041A05871E004DD31E /* Sources */,
				46E48C051A05871E004DD31E /* Frameworks */,
				46E48C061A05871E004DD31E /* Resources */,
			);
			buildRules = (
			);
			dependencies = (
			);
			name = "money-2020";
			productName = "money-2020";
			productReference = 46E48C081A05871E004DD31E /* money-2020.app */;
			productType = "com.apple.product-type.application";
		};
		46E48C201A05871E004DD31E /* money-2020Tests */ = {
			isa = PBXNativeTarget;
			buildConfigurationList = 46E48C2E1A05871E004DD31E /* Build configuration list for PBXNativeTarget "money-2020Tests" */;
			buildPhases = (
				46E48C1D1A05871E004DD31E /* Sources */,
				46E48C1E1A05871E004DD31E /* Frameworks */,
				46E48C1F1A05871E004DD31E /* Resources */,
			);
			buildRules = (
			);
			dependencies = (
				46E48C231A05871E004DD31E /* PBXTargetDependency */,
			);
			name = "money-2020Tests";
			productName = "money-2020Tests";
			productReference = 46E48C211A05871E004DD31E /* money-2020Tests.xctest */;
			productType = "com.apple.product-type.bundle.unit-test";
		};
/* End PBXNativeTarget section */

/* Begin PBXProject section */
		46E48C001A05871E004DD31E /* Project object */ = {
			isa = PBXProject;
			attributes = {
				LastUpgradeCheck = 0610;
				ORGANIZATIONNAME = asb;
				TargetAttributes = {
					46E48C071A05871E004DD31E = {
						CreatedOnToolsVersion = 6.1;
					};
					46E48C201A05871E004DD31E = {
						CreatedOnToolsVersion = 6.1;
						TestTargetID = 46E48C071A05871E004DD31E;
					};
				};
			};
			buildConfigurationList = 46E48C031A05871E004DD31E /* Build configuration list for PBXProject "money-2020" */;
			compatibilityVersion = "Xcode 3.2";
			developmentRegion = English;
			hasScannedForEncodings = 0;
			knownRegions = (
				en,
				Base,
			);
			mainGroup = 46E48BFF1A05871E004DD31E;
			productRefGroup = 46E48C091A05871E004DD31E /* Products */;
			projectDirPath = "";
			projectRoot = "";
			targets = (
				46E48C071A05871E004DD31E /* money-2020 */,
				46E48C201A05871E004DD31E /* money-2020Tests */,
			);
		};
/* End PBXProject section */

/* Begin PBXResourcesBuildPhase section */
		46E48C061A05871E004DD31E /* Resources */ = {
			isa = PBXResourcesBuildPhase;
			buildActionMask = 2147483647;
			files = (
				46E48C3D1A0587D0004DD31E /* Simplify.bundle in Resources */,
				46E48C171A05871E004DD31E /* Main.storyboard in Resources */,
				46E48C1C1A05871E004DD31E /* LaunchScreen.xib in Resources */,
				46E48C191A05871E004DD31E /* Images.xcassets in Resources */,
			);
			runOnlyForDeploymentPostprocessing = 0;
		};
		46E48C1F1A05871E004DD31E /* Resources */ = {
			isa = PBXResourcesBuildPhase;
			buildActionMask = 2147483647;
			files = (
			);
			runOnlyForDeploymentPostprocessing = 0;
		};
/* End PBXResourcesBuildPhase section */

/* Begin PBXSourcesBuildPhase section */
		46E48C041A05871E004DD31E /* Sources */ = {
			isa = PBXSourcesBuildPhase;
			buildActionMask = 2147483647;
			files = (
				46E48C141A05871E004DD31E /* ViewController.m in Sources */,
				46E48C111A05871E004DD31E /* AppDelegate.m in Sources */,
				46E48C371A05876C004DD31E /* SIMSwipeExampleViewController.m in Sources */,
				46E48C391A05876C004DD31E /* SIMCreditCardResponseInformationView.m in Sources */,
				46E48C381A05876C004DD31E /* SIMDelegateExampleViewController.m in Sources */,
				46E48C0E1A05871E004DD31E /* main.m in Sources */,
			);
			runOnlyForDeploymentPostprocessing = 0;
		};
		46E48C1D1A05871E004DD31E /* Sources */ = {
			isa = PBXSourcesBuildPhase;
			buildActionMask = 2147483647;
			files = (
				46E48C281A05871E004DD31E /* money_2020Tests.m in Sources */,
			);
			runOnlyForDeploymentPostprocessing = 0;
		};
/* End PBXSourcesBuildPhase section */

/* Begin PBXTargetDependency section */
		46E48C231A05871E004DD31E /* PBXTargetDependency */ = {
			isa = PBXTargetDependency;
			target = 46E48C071A05871E004DD31E /* money-2020 */;
			targetProxy = 46E48C221A05871E004DD31E /* PBXContainerItemProxy */;
		};
/* End PBXTargetDependency section */

/* Begin PBXVariantGroup section */
		46E48C151A05871E004DD31E /* Main.storyboard */ = {
			isa = PBXVariantGroup;
			children = (
				46E48C161A05871E004DD31E /* Base */,
			);
			name = Main.storyboard;
			sourceTree = "<group>";
		};
		46E48C1A1A05871E004DD31E /* LaunchScreen.xib */ = {
			isa = PBXVariantGroup;
			children = (
				46E48C1B1A05871E004DD31E /* Base */,
			);
			name = LaunchScreen.xib;
			sourceTree = "<group>";
		};
/* End PBXVariantGroup section */

/* Begin XCBuildConfiguration section */
		46E48C291A05871E004DD31E /* Debug */ = {
			isa = XCBuildConfiguration;
			buildSettings = {
				ALWAYS_SEARCH_USER_PATHS = NO;
				CLANG_CXX_LANGUAGE_STANDARD = "gnu++0x";
				CLANG_CXX_LIBRARY = "libc++";
				CLANG_ENABLE_MODULES = YES;
				CLANG_ENABLE_OBJC_ARC = YES;
				CLANG_WARN_BOOL_CONVERSION = YES;
				CLANG_WARN_CONSTANT_CONVERSION = YES;
				CLANG_WARN_DIRECT_OBJC_ISA_USAGE = YES_ERROR;
				CLANG_WARN_EMPTY_BODY = YES;
				CLANG_WARN_ENUM_CONVERSION = YES;
				CLANG_WARN_INT_CONVERSION = YES;
				CLANG_WARN_OBJC_ROOT_CLASS = YES_ERROR;
				CLANG_WARN_UNREACHABLE_CODE = YES;
				CLANG_WARN__DUPLICATE_METHOD_MATCH = YES;
				"CODE_SIGN_IDENTITY[sdk=iphoneos*]" = "iPhone Developer";
				COPY_PHASE_STRIP = NO;
				ENABLE_STRICT_OBJC_MSGSEND = YES;
				GCC_C_LANGUAGE_STANDARD = gnu99;
				GCC_DYNAMIC_NO_PIC = NO;
				GCC_OPTIMIZATION_LEVEL = 0;
				GCC_PREPROCESSOR_DEFINITIONS = (
					"DEBUG=1",
					"$(inherited)",
				);
				GCC_SYMBOLS_PRIVATE_EXTERN = NO;
				GCC_WARN_64_TO_32_BIT_CONVERSION = YES;
				GCC_WARN_ABOUT_RETURN_TYPE = YES_ERROR;
				GCC_WARN_UNDECLARED_SELECTOR = YES;
				GCC_WARN_UNINITIALIZED_AUTOS = YES_AGGRESSIVE;
				GCC_WARN_UNUSED_FUNCTION = YES;
				GCC_WARN_UNUSED_VARIABLE = YES;
				IPHONEOS_DEPLOYMENT_TARGET = 8.1;
				MTL_ENABLE_DEBUG_INFO = YES;
				ONLY_ACTIVE_ARCH = YES;
				SDKROOT = iphoneos;
			};
			name = Debug;
		};
		46E48C2A1A05871E004DD31E /* Release */ = {
			isa = XCBuildConfiguration;
			buildSettings = {
				ALWAYS_SEARCH_USER_PATHS = NO;
				CLANG_CXX_LANGUAGE_STANDARD = "gnu++0x";
				CLANG_CXX_LIBRARY = "libc++";
				CLANG_ENABLE_MODULES = YES;
				CLANG_ENABLE_OBJC_ARC = YES;
				CLANG_WARN_BOOL_CONVERSION = YES;
				CLANG_WARN_CONSTANT_CONVERSION = YES;
				CLANG_WARN_DIRECT_OBJC_ISA_USAGE = YES_ERROR;
				CLANG_WARN_EMPTY_BODY = YES;
				CLANG_WARN_ENUM_CONVERSION = YES;
				CLANG_WARN_INT_CONVERSION = YES;
				CLANG_WARN_OBJC_ROOT_CLASS = YES_ERROR;
				CLANG_WARN_UNREACHABLE_CODE = YES;
				CLANG_WARN__DUPLICATE_METHOD_MATCH = YES;
				"CODE_SIGN_IDENTITY[sdk=iphoneos*]" = "iPhone Developer";
				COPY_PHASE_STRIP = YES;
				ENABLE_NS_ASSERTIONS = NO;
				ENABLE_STRICT_OBJC_MSGSEND = YES;
				GCC_C_LANGUAGE_STANDARD = gnu99;
				GCC_WARN_64_TO_32_BIT_CONVERSION = YES;
				GCC_WARN_ABOUT_RETURN_TYPE = YES_ERROR;
				GCC_WARN_UNDECLARED_SELECTOR = YES;
				GCC_WARN_UNINITIALIZED_AUTOS = YES_AGGRESSIVE;
				GCC_WARN_UNUSED_FUNCTION = YES;
				GCC_WARN_UNUSED_VARIABLE = YES;
				IPHONEOS_DEPLOYMENT_TARGET = 8.1;
				MTL_ENABLE_DEBUG_INFO = NO;
				SDKROOT = iphoneos;
				VALIDATE_PRODUCT = YES;
			};
			name = Release;
		};
		46E48C2C1A05871E004DD31E /* Debug */ = {
			isa = XCBuildConfiguration;
			buildSettings = {
				ASSETCATALOG_COMPILER_APPICON_NAME = AppIcon;
				FRAMEWORK_SEARCH_PATHS = (
					"$(inherited)",
					"$(PROJECT_DIR)",
				);
				INFOPLIST_FILE = "money-2020/Info.plist";
				LD_RUNPATH_SEARCH_PATHS = "$(inherited) @executable_path/Frameworks";
				PRODUCT_NAME = "$(TARGET_NAME)";
			};
			name = Debug;
		};
		46E48C2D1A05871E004DD31E /* Release */ = {
			isa = XCBuildConfiguration;
			buildSettings = {
				ASSETCATALOG_COMPILER_APPICON_NAME = AppIcon;
				FRAMEWORK_SEARCH_PATHS = (
					"$(inherited)",
					"$(PROJECT_DIR)",
				);
				INFOPLIST_FILE = "money-2020/Info.plist";
				LD_RUNPATH_SEARCH_PATHS = "$(inherited) @executable_path/Frameworks";
				PRODUCT_NAME = "$(TARGET_NAME)";
			};
			name = Release;
		};
		46E48C2F1A05871E004DD31E /* Debug */ = {
			isa = XCBuildConfiguration;
			buildSettings = {
				BUNDLE_LOADER = "$(TEST_HOST)";
				FRAMEWORK_SEARCH_PATHS = (
					"$(SDKROOT)/Developer/Library/Frameworks",
					"$(inherited)",
				);
				GCC_PREPROCESSOR_DEFINITIONS = (
					"DEBUG=1",
					"$(inherited)",
				);
				INFOPLIST_FILE = "money-2020Tests/Info.plist";
				LD_RUNPATH_SEARCH_PATHS = "$(inherited) @executable_path/Frameworks @loader_path/Frameworks";
				PRODUCT_NAME = "$(TARGET_NAME)";
				TEST_HOST = "$(BUILT_PRODUCTS_DIR)/money-2020.app/money-2020";
			};
			name = Debug;
		};
		46E48C301A05871E004DD31E /* Release */ = {
			isa = XCBuildConfiguration;
			buildSettings = {
				BUNDLE_LOADER = "$(TEST_HOST)";
				FRAMEWORK_SEARCH_PATHS = (
					"$(SDKROOT)/Developer/Library/Frameworks",
					"$(inherited)",
				);
				INFOPLIST_FILE = "money-2020Tests/Info.plist";
				LD_RUNPATH_SEARCH_PATHS = "$(inherited) @executable_path/Frameworks @loader_path/Frameworks";
				PRODUCT_NAME = "$(TARGET_NAME)";
				TEST_HOST = "$(BUILT_PRODUCTS_DIR)/money-2020.app/money-2020";
			};
			name = Release;
		};
/* End XCBuildConfiguration section */

/* Begin XCConfigurationList section */
		46E48C031A05871E004DD31E /* Build configuration list for PBXProject "money-2020" */ = {
			isa = XCConfigurationList;
			buildConfigurations = (
				46E48C291A05871E004DD31E /* Debug */,
				46E48C2A1A05871E004DD31E /* Release */,
			);
			defaultConfigurationIsVisible = 0;
			defaultConfigurationName = Release;
		};
		46E48C2B1A05871E004DD31E /* Build configuration list for PBXNativeTarget "money-2020" */ = {
			isa = XCConfigurationList;
			buildConfigurations = (
				46E48C2C1A05871E004DD31E /* Debug */,
				46E48C2D1A05871E004DD31E /* Release */,
			);
			defaultConfigurationIsVisible = 0;
		};
		46E48C2E1A05871E004DD31E /* Build configuration list for PBXNativeTarget "money-2020Tests" */ = {
			isa = XCConfigurationList;
			buildConfigurations = (
				46E48C2F1A05871E004DD31E /* Debug */,
				46E48C301A05871E004DD31E /* Release */,
			);
			defaultConfigurationIsVisible = 0;
		};
/* End XCConfigurationList section */
	};
	rootObject = 46E48C001A05871E004DD31E /* Project object */;
}
