// !$*UTF8*$!
{
	archiveVersion = 1;
	classes = {
	};
	objectVersion = 46;
	objects = {

/* Begin PBXBuildFile section */
		465975CA1A057C8F000C79D9 /* AppDelegate.swift in Sources */ = {isa = PBXBuildFile; fileRef = 465975C91A057C8F000C79D9 /* AppDelegate.swift */; };
		465975CC1A057C8F000C79D9 /* ViewController.swift in Sources */ = {isa = PBXBuildFile; fileRef = 465975CB1A057C8F000C79D9 /* ViewController.swift */; };
		465975CF1A057C8F000C79D9 /* Main.storyboard in Resources */ = {isa = PBXBuildFile; fileRef = 465975CD1A057C8F000C79D9 /* Main.storyboard */; };
		465975D11A057C8F000C79D9 /* Images.xcassets in Resources */ = {isa = PBXBuildFile; fileRef = 465975D01A057C8F000C79D9 /* Images.xcassets */; };
		465975D41A057C8F000C79D9 /* LaunchScreen.xib in Resources */ = {isa = PBXBuildFile; fileRef = 465975D21A057C8F000C79D9 /* LaunchScreen.xib */; };
		465975E01A057C90000C79D9 /* money_2020Tests.swift in Sources */ = {isa = PBXBuildFile; fileRef = 465975DF1A057C90000C79D9 /* money_2020Tests.swift */; };
/* End PBXBuildFile section */

/* Begin PBXContainerItemProxy section */
		465975DA1A057C8F000C79D9 /* PBXContainerItemProxy */ = {
			isa = PBXContainerItemProxy;
			containerPortal = 465975BC1A057C8F000C79D9 /* Project object */;
			proxyType = 1;
			remoteGlobalIDString = 465975C31A057C8F000C79D9;
			remoteInfo = "money-2020";
		};
/* End PBXContainerItemProxy section */

/* Begin PBXFileReference section */
		465975C41A057C8F000C79D9 /* money-2020.app */ = {isa = PBXFileReference; explicitFileType = wrapper.application; includeInIndex = 0; path = "money-2020.app"; sourceTree = BUILT_PRODUCTS_DIR; };
		465975C81A057C8F000C79D9 /* Info.plist */ = {isa = PBXFileReference; lastKnownFileType = text.plist.xml; path = Info.plist; sourceTree = "<group>"; };
		465975C91A057C8F000C79D9 /* AppDelegate.swift */ = {isa = PBXFileReference; lastKnownFileType = sourcecode.swift; path = AppDelegate.swift; sourceTree = "<group>"; };
		465975CB1A057C8F000C79D9 /* ViewController.swift */ = {isa = PBXFileReference; lastKnownFileType = sourcecode.swift; path = ViewController.swift; sourceTree = "<group>"; };
		465975CE1A057C8F000C79D9 /* Base */ = {isa = PBXFileReference; lastKnownFileType = file.storyboard; name = Base; path = Base.lproj/Main.storyboard; sourceTree = "<group>"; };
		465975D01A057C8F000C79D9 /* Images.xcassets */ = {isa = PBXFileReference; lastKnownFileType = folder.assetcatalog; path = Images.xcassets; sourceTree = "<group>"; };
		465975D31A057C8F000C79D9 /* Base */ = {isa = PBXFileReference; lastKnownFileType = file.xib; name = Base; path = Base.lproj/LaunchScreen.xib; sourceTree = "<group>"; };
		465975D91A057C8F000C79D9 /* money-2020Tests.xctest */ = {isa = PBXFileReference; explicitFileType = wrapper.cfbundle; includeInIndex = 0; path = "money-2020Tests.xctest"; sourceTree = BUILT_PRODUCTS_DIR; };
		465975DE1A057C90000C79D9 /* Info.plist */ = {isa = PBXFileReference; lastKnownFileType = text.plist.xml; path = Info.plist; sourceTree = "<group>"; };
		465975DF1A057C90000C79D9 /* money_2020Tests.swift */ = {isa = PBXFileReference; lastKnownFileType = sourcecode.swift; path = money_2020Tests.swift; sourceTree = "<group>"; };
/* End PBXFileReference section */

/* Begin PBXFrameworksBuildPhase section */
		465975C11A057C8F000C79D9 /* Frameworks */ = {
			isa = PBXFrameworksBuildPhase;
			buildActionMask = 2147483647;
			files = (
			);
			runOnlyForDeploymentPostprocessing = 0;
		};
		465975D61A057C8F000C79D9 /* Frameworks */ = {
			isa = PBXFrameworksBuildPhase;
			buildActionMask = 2147483647;
			files = (
			);
			runOnlyForDeploymentPostprocessing = 0;
		};
/* End PBXFrameworksBuildPhase section */

/* Begin PBXGroup section */
		465975BB1A057C8F000C79D9 = {
			isa = PBXGroup;
			children = (
				465975C61A057C8F000C79D9 /* money-2020 */,
				465975DC1A057C90000C79D9 /* money-2020Tests */,
				465975C51A057C8F000C79D9 /* Products */,
			);
			sourceTree = "<group>";
		};
		465975C51A057C8F000C79D9 /* Products */ = {
			isa = PBXGroup;
			children = (
				465975C41A057C8F000C79D9 /* money-2020.app */,
				465975D91A057C8F000C79D9 /* money-2020Tests.xctest */,
			);
			name = Products;
			sourceTree = "<group>";
		};
		465975C61A057C8F000C79D9 /* money-2020 */ = {
			isa = PBXGroup;
			children = (
				465975C91A057C8F000C79D9 /* AppDelegate.swift */,
				465975CB1A057C8F000C79D9 /* ViewController.swift */,
				465975CD1A057C8F000C79D9 /* Main.storyboard */,
				465975D01A057C8F000C79D9 /* Images.xcassets */,
				465975D21A057C8F000C79D9 /* LaunchScreen.xib */,
				465975C71A057C8F000C79D9 /* Supporting Files */,
			);
			path = "money-2020";
			sourceTree = "<group>";
		};
		465975C71A057C8F000C79D9 /* Supporting Files */ = {
			isa = PBXGroup;
			children = (
				465975C81A057C8F000C79D9 /* Info.plist */,
			);
			name = "Supporting Files";
			sourceTree = "<group>";
		};
		465975DC1A057C90000C79D9 /* money-2020Tests */ = {
			isa = PBXGroup;
			children = (
				465975DF1A057C90000C79D9 /* money_2020Tests.swift */,
				465975DD1A057C90000C79D9 /* Supporting Files */,
			);
			path = "money-2020Tests";
			sourceTree = "<group>";
		};
		465975DD1A057C90000C79D9 /* Supporting Files */ = {
			isa = PBXGroup;
			children = (
				465975DE1A057C90000C79D9 /* Info.plist */,
			);
			name = "Supporting Files";
			sourceTree = "<group>";
		};
/* End PBXGroup section */

/* Begin PBXNativeTarget section */
		465975C31A057C8F000C79D9 /* money-2020 */ = {
			isa = PBXNativeTarget;
			buildConfigurationList = 465975E31A057C90000C79D9 /* Build configuration list for PBXNativeTarget "money-2020" */;
			buildPhases = (
				465975C01A057C8F000C79D9 /* Sources */,
				465975C11A057C8F000C79D9 /* Frameworks */,
				465975C21A057C8F000C79D9 /* Resources */,
			);
			buildRules = (
			);
			dependencies = (
			);
			name = "money-2020";
			productName = "money-2020";
			productReference = 465975C41A057C8F000C79D9 /* money-2020.app */;
			productType = "com.apple.product-type.application";
		};
		465975D81A057C8F000C79D9 /* money-2020Tests */ = {
			isa = PBXNativeTarget;
			buildConfigurationList = 465975E61A057C90000C79D9 /* Build configuration list for PBXNativeTarget "money-2020Tests" */;
			buildPhases = (
				465975D51A057C8F000C79D9 /* Sources */,
				465975D61A057C8F000C79D9 /* Frameworks */,
				465975D71A057C8F000C79D9 /* Resources */,
			);
			buildRules = (
			);
			dependencies = (
				465975DB1A057C8F000C79D9 /* PBXTargetDependency */,
			);
			name = "money-2020Tests";
			productName = "money-2020Tests";
			productReference = 465975D91A057C8F000C79D9 /* money-2020Tests.xctest */;
			productType = "com.apple.product-type.bundle.unit-test";
		};
/* End PBXNativeTarget section */

/* Begin PBXProject section */
		465975BC1A057C8F000C79D9 /* Project object */ = {
			isa = PBXProject;
			attributes = {
				LastUpgradeCheck = 0610;
				ORGANIZATIONNAME = asb;
				TargetAttributes = {
					465975C31A057C8F000C79D9 = {
						CreatedOnToolsVersion = 6.1;
					};
					465975D81A057C8F000C79D9 = {
						CreatedOnToolsVersion = 6.1;
						TestTargetID = 465975C31A057C8F000C79D9;
					};
				};
			};
			buildConfigurationList = 465975BF1A057C8F000C79D9 /* Build configuration list for PBXProject "money-2020" */;
			compatibilityVersion = "Xcode 3.2";
			developmentRegion = English;
			hasScannedForEncodings = 0;
			knownRegions = (
				en,
				Base,
			);
			mainGroup = 465975BB1A057C8F000C79D9;
			productRefGroup = 465975C51A057C8F000C79D9 /* Products */;
			projectDirPath = "";
			projectRoot = "";
			targets = (
				465975C31A057C8F000C79D9 /* money-2020 */,
				465975D81A057C8F000C79D9 /* money-2020Tests */,
			);
		};
/* End PBXProject section */

/* Begin PBXResourcesBuildPhase section */
		465975C21A057C8F000C79D9 /* Resources */ = {
			isa = PBXResourcesBuildPhase;
			buildActionMask = 2147483647;
			files = (
				465975CF1A057C8F000C79D9 /* Main.storyboard in Resources */,
				465975D41A057C8F000C79D9 /* LaunchScreen.xib in Resources */,
				465975D11A057C8F000C79D9 /* Images.xcassets in Resources */,
			);
			runOnlyForDeploymentPostprocessing = 0;
		};
		465975D71A057C8F000C79D9 /* Resources */ = {
			isa = PBXResourcesBuildPhase;
			buildActionMask = 2147483647;
			files = (
			);
			runOnlyForDeploymentPostprocessing = 0;
		};
/* End PBXResourcesBuildPhase section */

/* Begin PBXSourcesBuildPhase section */
		465975C01A057C8F000C79D9 /* Sources */ = {
			isa = PBXSourcesBuildPhase;
			buildActionMask = 2147483647;
			files = (
				465975CC1A057C8F000C79D9 /* ViewController.swift in Sources */,
				465975CA1A057C8F000C79D9 /* AppDelegate.swift in Sources */,
			);
			runOnlyForDeploymentPostprocessing = 0;
		};
		465975D51A057C8F000C79D9 /* Sources */ = {
			isa = PBXSourcesBuildPhase;
			buildActionMask = 2147483647;
			files = (
				465975E01A057C90000C79D9 /* money_2020Tests.swift in Sources */,
			);
			runOnlyForDeploymentPostprocessing = 0;
		};
/* End PBXSourcesBuildPhase section */

/* Begin PBXTargetDependency section */
		465975DB1A057C8F000C79D9 /* PBXTargetDependency */ = {
			isa = PBXTargetDependency;
			target = 465975C31A057C8F000C79D9 /* money-2020 */;
			targetProxy = 465975DA1A057C8F000C79D9 /* PBXContainerItemProxy */;
		};
/* End PBXTargetDependency section */

/* Begin PBXVariantGroup section */
		465975CD1A057C8F000C79D9 /* Main.storyboard */ = {
			isa = PBXVariantGroup;
			children = (
				465975CE1A057C8F000C79D9 /* Base */,
			);
			name = Main.storyboard;
			sourceTree = "<group>";
		};
		465975D21A057C8F000C79D9 /* LaunchScreen.xib */ = {
			isa = PBXVariantGroup;
			children = (
				465975D31A057C8F000C79D9 /* Base */,
			);
			name = LaunchScreen.xib;
			sourceTree = "<group>";
		};
/* End PBXVariantGroup section */

/* Begin XCBuildConfiguration section */
		465975E11A057C90000C79D9 /* Debug */ = {
			isa = XCBuildConfiguration;
			buildSettings = {
				ALWAYS_SEARCH_USER_PATHS = NO;
				CLANG_CXX_LANGUAGE_STANDARD = "gnu++0x";
				CLANG_CXX_LIBRARY = "libc++";
				CLANG_ENABLE_MODULES = YES;
				CLANG_ENABLE_OBJC_ARC = YES;
				CLANG_WARN_BOOL_CONVERSION = YES;
				CLANG_WARN_CONSTANT_CONVERSION = YES;
				CLANG_WARN_DIRECT_OBJC_ISA_USAGE = YES_ERROR;
				CLANG_WARN_EMPTY_BODY = YES;
				CLANG_WARN_ENUM_CONVERSION = YES;
				CLANG_WARN_INT_CONVERSION = YES;
				CLANG_WARN_OBJC_ROOT_CLASS = YES_ERROR;
				CLANG_WARN_UNREACHABLE_CODE = YES;
				CLANG_WARN__DUPLICATE_METHOD_MATCH = YES;
				"CODE_SIGN_IDENTITY[sdk=iphoneos*]" = "iPhone Developer";
				COPY_PHASE_STRIP = NO;
				ENABLE_STRICT_OBJC_MSGSEND = YES;
				GCC_C_LANGUAGE_STANDARD = gnu99;
				GCC_DYNAMIC_NO_PIC = NO;
				GCC_OPTIMIZATION_LEVEL = 0;
				GCC_PREPROCESSOR_DEFINITIONS = (
					"DEBUG=1",
					"$(inherited)",
				);
				GCC_SYMBOLS_PRIVATE_EXTERN = NO;
				GCC_WARN_64_TO_32_BIT_CONVERSION = YES;
				GCC_WARN_ABOUT_RETURN_TYPE = YES_ERROR;
				GCC_WARN_UNDECLARED_SELECTOR = YES;
				GCC_WARN_UNINITIALIZED_AUTOS = YES_AGGRESSIVE;
				GCC_WARN_UNUSED_FUNCTION = YES;
				GCC_WARN_UNUSED_VARIABLE = YES;
				IPHONEOS_DEPLOYMENT_TARGET = 8.1;
				MTL_ENABLE_DEBUG_INFO = YES;
				ONLY_ACTIVE_ARCH = YES;
				SDKROOT = iphoneos;
				SWIFT_OPTIMIZATION_LEVEL = "-Onone";
			};
			name = Debug;
		};
		465975E21A057C90000C79D9 /* Release */ = {
			isa = XCBuildConfiguration;
			buildSettings = {
				ALWAYS_SEARCH_USER_PATHS = NO;
				CLANG_CXX_LANGUAGE_STANDARD = "gnu++0x";
				CLANG_CXX_LIBRARY = "libc++";
				CLANG_ENABLE_MODULES = YES;
				CLANG_ENABLE_OBJC_ARC = YES;
				CLANG_WARN_BOOL_CONVERSION = YES;
				CLANG_WARN_CONSTANT_CONVERSION = YES;
				CLANG_WARN_DIRECT_OBJC_ISA_USAGE = YES_ERROR;
				CLANG_WARN_EMPTY_BODY = YES;
				CLANG_WARN_ENUM_CONVERSION = YES;
				CLANG_WARN_INT_CONVERSION = YES;
				CLANG_WARN_OBJC_ROOT_CLASS = YES_ERROR;
				CLANG_WARN_UNREACHABLE_CODE = YES;
				CLANG_WARN__DUPLICATE_METHOD_MATCH = YES;
				"CODE_SIGN_IDENTITY[sdk=iphoneos*]" = "iPhone Developer";
				COPY_PHASE_STRIP = YES;
				ENABLE_NS_ASSERTIONS = NO;
				ENABLE_STRICT_OBJC_MSGSEND = YES;
				GCC_C_LANGUAGE_STANDARD = gnu99;
				GCC_WARN_64_TO_32_BIT_CONVERSION = YES;
				GCC_WARN_ABOUT_RETURN_TYPE = YES_ERROR;
				GCC_WARN_UNDECLARED_SELECTOR = YES;
				GCC_WARN_UNINITIALIZED_AUTOS = YES_AGGRESSIVE;
				GCC_WARN_UNUSED_FUNCTION = YES;
				GCC_WARN_UNUSED_VARIABLE = YES;
				IPHONEOS_DEPLOYMENT_TARGET = 8.1;
				MTL_ENABLE_DEBUG_INFO = NO;
				SDKROOT = iphoneos;
				VALIDATE_PRODUCT = YES;
			};
			name = Release;
		};
		465975E41A057C90000C79D9 /* Debug */ = {
			isa = XCBuildConfiguration;
			buildSettings = {
				ASSETCATALOG_COMPILER_APPICON_NAME = AppIcon;
				INFOPLIST_FILE = "money-2020/Info.plist";
				LD_RUNPATH_SEARCH_PATHS = "$(inherited) @executable_path/Frameworks";
				PRODUCT_NAME = "$(TARGET_NAME)";
			};
			name = Debug;
		};
		465975E51A057C90000C79D9 /* Release */ = {
			isa = XCBuildConfiguration;
			buildSettings = {
				ASSETCATALOG_COMPILER_APPICON_NAME = AppIcon;
				INFOPLIST_FILE = "money-2020/Info.plist";
				LD_RUNPATH_SEARCH_PATHS = "$(inherited) @executable_path/Frameworks";
				PRODUCT_NAME = "$(TARGET_NAME)";
			};
			name = Release;
		};
		465975E71A057C90000C79D9 /* Debug */ = {
			isa = XCBuildConfiguration;
			buildSettings = {
				BUNDLE_LOADER = "$(TEST_HOST)";
				FRAMEWORK_SEARCH_PATHS = (
					"$(SDKROOT)/Developer/Library/Frameworks",
					"$(inherited)",
				);
				GCC_PREPROCESSOR_DEFINITIONS = (
					"DEBUG=1",
					"$(inherited)",
				);
				INFOPLIST_FILE = "money-2020Tests/Info.plist";
				LD_RUNPATH_SEARCH_PATHS = "$(inherited) @executable_path/Frameworks @loader_path/Frameworks";
				PRODUCT_NAME = "$(TARGET_NAME)";
				TEST_HOST = "$(BUILT_PRODUCTS_DIR)/money-2020.app/money-2020";
			};
			name = Debug;
		};
		465975E81A057C90000C79D9 /* Release */ = {
			isa = XCBuildConfiguration;
			buildSettings = {
				BUNDLE_LOADER = "$(TEST_HOST)";
				FRAMEWORK_SEARCH_PATHS = (
					"$(SDKROOT)/Developer/Library/Frameworks",
					"$(inherited)",
				);
				INFOPLIST_FILE = "money-2020Tests/Info.plist";
				LD_RUNPATH_SEARCH_PATHS = "$(inherited) @executable_path/Frameworks @loader_path/Frameworks";
				PRODUCT_NAME = "$(TARGET_NAME)";
				TEST_HOST = "$(BUILT_PRODUCTS_DIR)/money-2020.app/money-2020";
			};
			name = Release;
		};
/* End XCBuildConfiguration section */

/* Begin XCConfigurationList section */
		465975BF1A057C8F000C79D9 /* Build configuration list for PBXProject "money-2020" */ = {
			isa = XCConfigurationList;
			buildConfigurations = (
				465975E11A057C90000C79D9 /* Debug */,
				465975E21A057C90000C79D9 /* Release */,
			);
			defaultConfigurationIsVisible = 0;
			defaultConfigurationName = Release;
		};
		465975E31A057C90000C79D9 /* Build configuration list for PBXNativeTarget "money-2020" */ = {
			isa = XCConfigurationList;
			buildConfigurations = (
				465975E41A057C90000C79D9 /* Debug */,
				465975E51A057C90000C79D9 /* Release */,
			);
			defaultConfigurationIsVisible = 0;
		};
		465975E61A057C90000C79D9 /* Build configuration list for PBXNativeTarget "money-2020Tests" */ = {
			isa = XCConfigurationList;
			buildConfigurations = (
				465975E71A057C90000C79D9 /* Debug */,
				465975E81A057C90000C79D9 /* Release */,
			);
			defaultConfigurationIsVisible = 0;
		};
/* End XCConfigurationList section */
	};
	rootObject = 465975BC1A057C8F000C79D9 /* Project object */;
}
